
Microsoft Visual Studio Solution File, Format Version 12.00
# Visual Studio Version 16
VisualStudioVersion = 16.0.33927.289
MinimumVisualStudioVersion = 10.0.40219.1
Project("{2150E333-8FDC-42A3-9474-1A3956D46DE8}") = "Task0", "Task0", "{E9857ED8-5BF0-4E19-9792-FF616606AD9F}"
EndProject
Project("{FAE04EC0-301F-11D3-BF4B-00C04F79EFBC}") = "Tyuiu.NosyrevaUA.Sprint5.Task0.V13", "Tyuiu.NosyrevaUA.Sprint5.Task0.V13\Tyuiu.NosyrevaUA.Sprint5.Task0.V13.csproj", "{99F8B6C2-BAE6-479E-B238-D19214128432}"
EndProject
Project("{FAE04EC0-301F-11D3-BF4B-00C04F79EFBC}") = "Tyuiu.NosyrevaUA.Sprint5.Task0.V13.Lib", "Tyuiu.NosyrevaUA.Sprint5.Task0.V13.Lib\Tyuiu.NosyrevaUA.Sprint5.Task0.V13.Lib.csproj", "{EDCCF2C2-8FFB-43B7-9B30-41D6F955E013}"
EndProject
Project("{FAE04EC0-301F-11D3-BF4B-00C04F79EFBC}") = "Tyuiu.NosyrevaUA.Sprint5.Task0.V13.Test", "Tyuiu.NosyrevaUA.Sprint5.Task0.V13.Test\Tyuiu.NosyrevaUA.Sprint5.Task0.V13.Test.csproj", "{0859AD21-417C-4305-B0A0-5F3DDB584B14}"
EndProject
Project("{2150E333-8FDC-42A3-9474-1A3956D46DE8}") = "Task1", "Task1", "{EF3A608D-9560-44B6-856D-A9D14AE0056F}"
EndProject
Project("{FAE04EC0-301F-11D3-BF4B-00C04F79EFBC}") = "Tyuiu.NosyrevaUA.Sprint5.Task1.V28", "Tyuiu.NosyrevaUA.Sprint5.Task1.V28\Tyuiu.NosyrevaUA.Sprint5.Task1.V28.csproj", "{3429638F-0A66-4EE2-A078-D1163B5CF070}"
EndProject
Project("{FAE04EC0-301F-11D3-BF4B-00C04F79EFBC}") = "Tyuiu.NosyrevaUA.Sprint5.Task1.V28.Lib", "Tyuiu.NosyrevaUA.Sprint5.Task1.V28.Lib\Tyuiu.NosyrevaUA.Sprint5.Task1.V28.Lib.csproj", "{47777617-76F8-41B0-8940-8CDD2DEF81BD}"
EndProject
Project("{FAE04EC0-301F-11D3-BF4B-00C04F79EFBC}") = "Tyuiu.NosyrevaUA.Sprint5.Task1.V28.Tast", "Tyuiu.NosyrevaUA.Sprint5.Task1.V28.Tast\Tyuiu.NosyrevaUA.Sprint5.Task1.V28.Tast.csproj", "{EF3983D7-B09F-4E3C-ABEA-97FF81A89527}"
EndProject
Project("{2150E333-8FDC-42A3-9474-1A3956D46DE8}") = "Task2", "Task2", "{A81486A4-98E1-4A78-83B0-95FD7E5F95D4}"
EndProject
Project("{FAE04EC0-301F-11D3-BF4B-00C04F79EFBC}") = "Tyuiu.NosyrevaUA.Sprint5.Task2.V9", "Tyuiu.NosyrevaUA.Sprint5.Task2.V9\Tyuiu.NosyrevaUA.Sprint5.Task2.V9.csproj", "{8109AE1B-D1A1-4281-978A-D2B0DED6B4F5}"
EndProject
Project("{FAE04EC0-301F-11D3-BF4B-00C04F79EFBC}") = "Tyuiu.NosyrevaUA.Sprint5.Task2.V9.Lib", "Tyuiu.NosyrevaUA.Sprint5.Task2.V9.Lib\Tyuiu.NosyrevaUA.Sprint5.Task2.V9.Lib.csproj", "{2F552508-7723-4ACA-BAE8-EFE6F6F19805}"
EndProject
Project("{FAE04EC0-301F-11D3-BF4B-00C04F79EFBC}") = "Tyuiu.NosyrevaUA.Sprint5.Task2.V9.Test", "Tyuiu.NosyrevaUA.Sprint5.Task2.V9.Test\Tyuiu.NosyrevaUA.Sprint5.Task2.V9.Test.csproj", "{F862FCEE-4C3B-4EF6-B0E8-C4091CCCD8F1}"
EndProject
Project("{2150E333-8FDC-42A3-9474-1A3956D46DE8}") = "Task3", "Task3", "{8AE6E0BC-2720-4898-9533-758512D8963C}"
EndProject
Project("{FAE04EC0-301F-11D3-BF4B-00C04F79EFBC}") = "Tyuiu.NosyrevaUA.Sprint5.Task3.V30", "Tyuiu.NosyrevaUA.Sprint5.Task3.V30\Tyuiu.NosyrevaUA.Sprint5.Task3.V30.csproj", "{9EC45627-815F-4BE0-9ED1-201D405D16E2}"
EndProject
Project("{FAE04EC0-301F-11D3-BF4B-00C04F79EFBC}") = "Tyuiu.NosyrevaUA.Sprint5.Task3.V30.Lib", "Tyuiu.NosyrevaUA.Sprint5.Task3.V30.Lib\Tyuiu.NosyrevaUA.Sprint5.Task3.V30.Lib.csproj", "{3744B472-CCA3-4034-AD60-A5882102EBAD}"
EndProject
Project("{FAE04EC0-301F-11D3-BF4B-00C04F79EFBC}") = "Tyuiu.NosyrevaUA.Sprint5.Task3.V30.Test", "Tyuiu.NosyrevaUA.Sprint5.Task3.V30.Test\Tyuiu.NosyrevaUA.Sprint5.Task3.V30.Test.csproj", "{E61D5AC9-0BDA-407A-8F07-8CB221B3D542}"
EndProject
Project("{2150E333-8FDC-42A3-9474-1A3956D46DE8}") = "Task4", "Task4", "{0FD30A8C-1981-4CD2-B02C-C1C1A5663AF4}"
EndProject
Project("{FAE04EC0-301F-11D3-BF4B-00C04F79EFBC}") = "Tyuiu.NosyrevaUA.Sprint5.Task4.V4", "Tyuiu.NosyrevaUA.Sprint5.Task4.V4\Tyuiu.NosyrevaUA.Sprint5.Task4.V4.csproj", "{11B9C885-D7C7-4C3C-924D-0D50A677BA2D}"
EndProject
Project("{FAE04EC0-301F-11D3-BF4B-00C04F79EFBC}") = "Tyuiu.NosyrevaUA.Sprint5.Task4.V4.Lib", "Tyuiu.NosyrevaUA.Sprint5.Task4.V4.Lib\Tyuiu.NosyrevaUA.Sprint5.Task4.V4.Lib.csproj", "{2AFBB0E4-AD58-4A11-9AF0-6A06EDB548B7}"
EndProject
Project("{FAE04EC0-301F-11D3-BF4B-00C04F79EFBC}") = "Tyuiu.NosyrevaUA.Sprint5.Task4.V4.Test", "Tyuiu.NosyrevaUA.Sprint5.Task4.V4.Test\Tyuiu.NosyrevaUA.Sprint5.Task4.V4.Test.csproj", "{4B7A56F4-032E-4018-AEBB-14F5AAB3DE2D}"
EndProject
Project("{2150E333-8FDC-42A3-9474-1A3956D46DE8}") = "Task5", "Task5", "{E0A42418-5D8F-411E-A8C4-7ED47AC5176A}"
EndProject
Project("{FAE04EC0-301F-11D3-BF4B-00C04F79EFBC}") = "Tyuiu.NosyrevaUA.Sprint5.Task5.V23", "Tyuiu.NosyrevaUA.Sprint5.Task5.V23\Tyuiu.NosyrevaUA.Sprint5.Task5.V23.csproj", "{CB0E448F-0A73-48CE-938A-3F98315670F9}"
EndProject
Project("{FAE04EC0-301F-11D3-BF4B-00C04F79EFBC}") = "Tyuiu.NosyrevaUA.Sprint5.Task5.V23.Lib", "Tyuiu.NosyrevaUA.Sprint5.Task5.V23.Lib\Tyuiu.NosyrevaUA.Sprint5.Task5.V23.Lib.csproj", "{36BD1928-B3BD-4714-B596-4E3719C51F4A}"
EndProject
Project("{FAE04EC0-301F-11D3-BF4B-00C04F79EFBC}") = "Tyuiu.NosyrevaUA.Sprint5.Task5.V23.Test", "Tyuiu.NosyrevaUA.Sprint5.Task5.V23.Test\Tyuiu.NosyrevaUA.Sprint5.Task5.V23.Test.csproj", "{3FCBBE21-18CB-4396-970A-92E84661C7B8}"
EndProject
Project("{2150E333-8FDC-42A3-9474-1A3956D46DE8}") = "Task6", "Task6", "{26789A48-27E7-4887-8348-09BB25DC2344}"
EndProject
Project("{FAE04EC0-301F-11D3-BF4B-00C04F79EFBC}") = "Tyuiu.NosyrevaUA.Sprint5.Task6.V20", "Tyuiu.NosyrevaUA.Sprint5.Task6.V20\Tyuiu.NosyrevaUA.Sprint5.Task6.V20.csproj", "{C6AF659C-B972-4D2B-ACE5-9742F8428A3E}"
EndProject
Project("{FAE04EC0-301F-11D3-BF4B-00C04F79EFBC}") = "Tyuiu.NosyrevaUA.Sprint5.Task6.V20.Lib", "Tyuiu.NosyrevaUA.Sprint5.Task6.V20.Lib\Tyuiu.NosyrevaUA.Sprint5.Task6.V20.Lib.csproj", "{D8859226-8004-46C0-89C6-39465051AF55}"
EndProject
Project("{FAE04EC0-301F-11D3-BF4B-00C04F79EFBC}") = "Tyuiu.NosyrevaUA.Sprint5.Task6.V20.Test", "Tyuiu.NosyrevaUA.Sprint5.Task6.V20.Test\Tyuiu.NosyrevaUA.Sprint5.Task6.V20.Test.csproj", "{71CFEB3C-9057-47E3-8CF7-D823373DE522}"
EndProject
Global
	GlobalSection(SolutionConfigurationPlatforms) = preSolution
		Debug|Any CPU = Debug|Any CPU
		Release|Any CPU = Release|Any CPU
	EndGlobalSection
	GlobalSection(ProjectConfigurationPlatforms) = postSolution
		{99F8B6C2-BAE6-479E-B238-D19214128432}.Debug|Any CPU.ActiveCfg = Debug|Any CPU
		{99F8B6C2-BAE6-479E-B238-D19214128432}.Debug|Any CPU.Build.0 = Debug|Any CPU
		{99F8B6C2-BAE6-479E-B238-D19214128432}.Release|Any CPU.ActiveCfg = Release|Any CPU
		{99F8B6C2-BAE6-479E-B238-D19214128432}.Release|Any CPU.Build.0 = Release|Any CPU
		{EDCCF2C2-8FFB-43B7-9B30-41D6F955E013}.Debug|Any CPU.ActiveCfg = Debug|Any CPU
		{EDCCF2C2-8FFB-43B7-9B30-41D6F955E013}.Debug|Any CPU.Build.0 = Debug|Any CPU
		{EDCCF2C2-8FFB-43B7-9B30-41D6F955E013}.Release|Any CPU.ActiveCfg = Release|Any CPU
		{EDCCF2C2-8FFB-43B7-9B30-41D6F955E013}.Release|Any CPU.Build.0 = Release|Any CPU
		{0859AD21-417C-4305-B0A0-5F3DDB584B14}.Debug|Any CPU.ActiveCfg = Debug|Any CPU
		{0859AD21-417C-4305-B0A0-5F3DDB584B14}.Debug|Any CPU.Build.0 = Debug|Any CPU
		{0859AD21-417C-4305-B0A0-5F3DDB584B14}.Release|Any CPU.ActiveCfg = Release|Any CPU
		{0859AD21-417C-4305-B0A0-5F3DDB584B14}.Release|Any CPU.Build.0 = Release|Any CPU
		{3429638F-0A66-4EE2-A078-D1163B5CF070}.Debug|Any CPU.ActiveCfg = Debug|Any CPU
		{3429638F-0A66-4EE2-A078-D1163B5CF070}.Debug|Any CPU.Build.0 = Debug|Any CPU
		{3429638F-0A66-4EE2-A078-D1163B5CF070}.Release|Any CPU.ActiveCfg = Release|Any CPU
		{3429638F-0A66-4EE2-A078-D1163B5CF070}.Release|Any CPU.Build.0 = Release|Any CPU
		{47777617-76F8-41B0-8940-8CDD2DEF81BD}.Debug|Any CPU.ActiveCfg = Debug|Any CPU
		{47777617-76F8-41B0-8940-8CDD2DEF81BD}.Debug|Any CPU.Build.0 = Debug|Any CPU
		{47777617-76F8-41B0-8940-8CDD2DEF81BD}.Release|Any CPU.ActiveCfg = Release|Any CPU
		{47777617-76F8-41B0-8940-8CDD2DEF81BD}.Release|Any CPU.Build.0 = Release|Any CPU
		{EF3983D7-B09F-4E3C-ABEA-97FF81A89527}.Debug|Any CPU.ActiveCfg = Debug|Any CPU
		{EF3983D7-B09F-4E3C-ABEA-97FF81A89527}.Debug|Any CPU.Build.0 = Debug|Any CPU
		{EF3983D7-B09F-4E3C-ABEA-97FF81A89527}.Release|Any CPU.ActiveCfg = Release|Any CPU
		{EF3983D7-B09F-4E3C-ABEA-97FF81A89527}.Release|Any CPU.Build.0 = Release|Any CPU
		{8109AE1B-D1A1-4281-978A-D2B0DED6B4F5}.Debug|Any CPU.ActiveCfg = Debug|Any CPU
		{8109AE1B-D1A1-4281-978A-D2B0DED6B4F5}.Debug|Any CPU.Build.0 = Debug|Any CPU
		{8109AE1B-D1A1-4281-978A-D2B0DED6B4F5}.Release|Any CPU.ActiveCfg = Release|Any CPU
		{8109AE1B-D1A1-4281-978A-D2B0DED6B4F5}.Release|Any CPU.Build.0 = Release|Any CPU
		{2F552508-7723-4ACA-BAE8-EFE6F6F19805}.Debug|Any CPU.ActiveCfg = Debug|Any CPU
		{2F552508-7723-4ACA-BAE8-EFE6F6F19805}.Debug|Any CPU.Build.0 = Debug|Any CPU
		{2F552508-7723-4ACA-BAE8-EFE6F6F19805}.Release|Any CPU.ActiveCfg = Release|Any CPU
		{2F552508-7723-4ACA-BAE8-EFE6F6F19805}.Release|Any CPU.Build.0 = Release|Any CPU
		{F862FCEE-4C3B-4EF6-B0E8-C4091CCCD8F1}.Debug|Any CPU.ActiveCfg = Debug|Any CPU
		{F862FCEE-4C3B-4EF6-B0E8-C4091CCCD8F1}.Debug|Any CPU.Build.0 = Debug|Any CPU
		{F862FCEE-4C3B-4EF6-B0E8-C4091CCCD8F1}.Release|Any CPU.ActiveCfg = Release|Any CPU
		{F862FCEE-4C3B-4EF6-B0E8-C4091CCCD8F1}.Release|Any CPU.Build.0 = Release|Any CPU
		{9EC45627-815F-4BE0-9ED1-201D405D16E2}.Debug|Any CPU.ActiveCfg = Debug|Any CPU
		{9EC45627-815F-4BE0-9ED1-201D405D16E2}.Debug|Any CPU.Build.0 = Debug|Any CPU
		{9EC45627-815F-4BE0-9ED1-201D405D16E2}.Release|Any CPU.ActiveCfg = Release|Any CPU
		{9EC45627-815F-4BE0-9ED1-201D405D16E2}.Release|Any CPU.Build.0 = Release|Any CPU
		{3744B472-CCA3-4034-AD60-A5882102EBAD}.Debug|Any CPU.ActiveCfg = Debug|Any CPU
		{3744B472-CCA3-4034-AD60-A5882102EBAD}.Debug|Any CPU.Build.0 = Debug|Any CPU
		{3744B472-CCA3-4034-AD60-A5882102EBAD}.Release|Any CPU.ActiveCfg = Release|Any CPU
		{3744B472-CCA3-4034-AD60-A5882102EBAD}.Release|Any CPU.Build.0 = Release|Any CPU
		{E61D5AC9-0BDA-407A-8F07-8CB221B3D542}.Debug|Any CPU.ActiveCfg = Debug|Any CPU
		{E61D5AC9-0BDA-407A-8F07-8CB221B3D542}.Debug|Any CPU.Build.0 = Debug|Any CPU
		{E61D5AC9-0BDA-407A-8F07-8CB221B3D542}.Release|Any CPU.ActiveCfg = Release|Any CPU
		{E61D5AC9-0BDA-407A-8F07-8CB221B3D542}.Release|Any CPU.Build.0 = Release|Any CPU
		{11B9C885-D7C7-4C3C-924D-0D50A677BA2D}.Debug|Any CPU.ActiveCfg = Debug|Any CPU
		{11B9C885-D7C7-4C3C-924D-0D50A677BA2D}.Debug|Any CPU.Build.0 = Debug|Any CPU
		{11B9C885-D7C7-4C3C-924D-0D50A677BA2D}.Release|Any CPU.ActiveCfg = Release|Any CPU
		{11B9C885-D7C7-4C3C-924D-0D50A677BA2D}.Release|Any CPU.Build.0 = Release|Any CPU
		{2AFBB0E4-AD58-4A11-9AF0-6A06EDB548B7}.Debug|Any CPU.ActiveCfg = Debug|Any CPU
		{2AFBB0E4-AD58-4A11-9AF0-6A06EDB548B7}.Debug|Any CPU.Build.0 = Debug|Any CPU
		{2AFBB0E4-AD58-4A11-9AF0-6A06EDB548B7}.Release|Any CPU.ActiveCfg = Release|Any CPU
		{2AFBB0E4-AD58-4A11-9AF0-6A06EDB548B7}.Release|Any CPU.Build.0 = Release|Any CPU
		{4B7A56F4-032E-4018-AEBB-14F5AAB3DE2D}.Debug|Any CPU.ActiveCfg = Debug|Any CPU
		{4B7A56F4-032E-4018-AEBB-14F5AAB3DE2D}.Debug|Any CPU.Build.0 = Debug|Any CPU
		{4B7A56F4-032E-4018-AEBB-14F5AAB3DE2D}.Release|Any CPU.ActiveCfg = Release|Any CPU
		{4B7A56F4-032E-4018-AEBB-14F5AAB3DE2D}.Release|Any CPU.Build.0 = Release|Any CPU
		{CB0E448F-0A73-48CE-938A-3F98315670F9}.Debug|Any CPU.ActiveCfg = Debug|Any CPU
		{CB0E448F-0A73-48CE-938A-3F98315670F9}.Debug|Any CPU.Build.0 = Debug|Any CPU
		{CB0E448F-0A73-48CE-938A-3F98315670F9}.Release|Any CPU.ActiveCfg = Release|Any CPU
		{CB0E448F-0A73-48CE-938A-3F98315670F9}.Release|Any CPU.Build.0 = Release|Any CPU
		{36BD1928-B3BD-4714-B596-4E3719C51F4A}.Debug|Any CPU.ActiveCfg = Debug|Any CPU
		{36BD1928-B3BD-4714-B596-4E3719C51F4A}.Debug|Any CPU.Build.0 = Debug|Any CPU
		{36BD1928-B3BD-4714-B596-4E3719C51F4A}.Release|Any CPU.ActiveCfg = Release|Any CPU
		{36BD1928-B3BD-4714-B596-4E3719C51F4A}.Release|Any CPU.Build.0 = Release|Any CPU
		{3FCBBE21-18CB-4396-970A-92E84661C7B8}.Debug|Any CPU.ActiveCfg = Debug|Any CPU
		{3FCBBE21-18CB-4396-970A-92E84661C7B8}.Debug|Any CPU.Build.0 = Debug|Any CPU
		{3FCBBE21-18CB-4396-970A-92E84661C7B8}.Release|Any CPU.ActiveCfg = Release|Any CPU
		{3FCBBE21-18CB-4396-970A-92E84661C7B8}.Release|Any CPU.Build.0 = Release|Any CPU
		{C6AF659C-B972-4D2B-ACE5-9742F8428A3E}.Debug|Any CPU.ActiveCfg = Debug|Any CPU
		{C6AF659C-B972-4D2B-ACE5-9742F8428A3E}.Debug|Any CPU.Build.0 = Debug|Any CPU
		{C6AF659C-B972-4D2B-ACE5-9742F8428A3E}.Release|Any CPU.ActiveCfg = Release|Any CPU
		{C6AF659C-B972-4D2B-ACE5-9742F8428A3E}.Release|Any CPU.Build.0 = Release|Any CPU
		{D8859226-8004-46C0-89C6-39465051AF55}.Debug|Any CPU.ActiveCfg = Debug|Any CPU
		{D8859226-8004-46C0-89C6-39465051AF55}.Debug|Any CPU.Build.0 = Debug|Any CPU
		{D8859226-8004-46C0-89C6-39465051AF55}.Release|Any CPU.ActiveCfg = Release|Any CPU
		{D8859226-8004-46C0-89C6-39465051AF55}.Release|Any CPU.Build.0 = Release|Any CPU
		{71CFEB3C-9057-47E3-8CF7-D823373DE522}.Debug|Any CPU.ActiveCfg = Debug|Any CPU
		{71CFEB3C-9057-47E3-8CF7-D823373DE522}.Debug|Any CPU.Build.0 = Debug|Any CPU
		{71CFEB3C-9057-47E3-8CF7-D823373DE522}.Release|Any CPU.ActiveCfg = Release|Any CPU
		{71CFEB3C-9057-47E3-8CF7-D823373DE522}.Release|Any CPU.Build.0 = Release|Any CPU
	EndGlobalSection
	GlobalSection(SolutionProperties) = preSolution
		HideSolutionNode = FALSE
	EndGlobalSection
	GlobalSection(NestedProjects) = preSolution
		{99F8B6C2-BAE6-479E-B238-D19214128432} = {E9857ED8-5BF0-4E19-9792-FF616606AD9F}
		{EDCCF2C2-8FFB-43B7-9B30-41D6F955E013} = {E9857ED8-5BF0-4E19-9792-FF616606AD9F}
		{0859AD21-417C-4305-B0A0-5F3DDB584B14} = {E9857ED8-5BF0-4E19-9792-FF616606AD9F}
		{3429638F-0A66-4EE2-A078-D1163B5CF070} = {EF3A608D-9560-44B6-856D-A9D14AE0056F}
		{47777617-76F8-41B0-8940-8CDD2DEF81BD} = {EF3A608D-9560-44B6-856D-A9D14AE0056F}
		{EF3983D7-B09F-4E3C-ABEA-97FF81A89527} = {EF3A608D-9560-44B6-856D-A9D14AE0056F}
		{8109AE1B-D1A1-4281-978A-D2B0DED6B4F5} = {A81486A4-98E1-4A78-83B0-95FD7E5F95D4}
		{2F552508-7723-4ACA-BAE8-EFE6F6F19805} = {A81486A4-98E1-4A78-83B0-95FD7E5F95D4}
		{F862FCEE-4C3B-4EF6-B0E8-C4091CCCD8F1} = {A81486A4-98E1-4A78-83B0-95FD7E5F95D4}
		{9EC45627-815F-4BE0-9ED1-201D405D16E2} = {8AE6E0BC-2720-4898-9533-758512D8963C}
		{3744B472-CCA3-4034-AD60-A5882102EBAD} = {8AE6E0BC-2720-4898-9533-758512D8963C}
		{E61D5AC9-0BDA-407A-8F07-8CB221B3D542} = {8AE6E0BC-2720-4898-9533-758512D8963C}
		{11B9C885-D7C7-4C3C-924D-0D50A677BA2D} = {0FD30A8C-1981-4CD2-B02C-C1C1A5663AF4}
		{2AFBB0E4-AD58-4A11-9AF0-6A06EDB548B7} = {0FD30A8C-1981-4CD2-B02C-C1C1A5663AF4}
		{4B7A56F4-032E-4018-AEBB-14F5AAB3DE2D} = {0FD30A8C-1981-4CD2-B02C-C1C1A5663AF4}
		{CB0E448F-0A73-48CE-938A-3F98315670F9} = {E0A42418-5D8F-411E-A8C4-7ED47AC5176A}
		{36BD1928-B3BD-4714-B596-4E3719C51F4A} = {E0A42418-5D8F-411E-A8C4-7ED47AC5176A}
		{3FCBBE21-18CB-4396-970A-92E84661C7B8} = {E0A42418-5D8F-411E-A8C4-7ED47AC5176A}
		{C6AF659C-B972-4D2B-ACE5-9742F8428A3E} = {26789A48-27E7-4887-8348-09BB25DC2344}
		{D8859226-8004-46C0-89C6-39465051AF55} = {26789A48-27E7-4887-8348-09BB25DC2344}
		{71CFEB3C-9057-47E3-8CF7-D823373DE522} = {26789A48-27E7-4887-8348-09BB25DC2344}
	EndGlobalSection
	GlobalSection(ExtensibilityGlobals) = postSolution
		SolutionGuid = {1E63DEED-C8DB-4752-A758-D74DC6224570}
	EndGlobalSection
EndGlobal
